
Microsoft Visual Studio Solution File, Format Version 12.00
# Visual Studio Version 17
VisualStudioVersion = 17.0.31903.59
MinimumVisualStudioVersion = 10.0.40219.1
Project("{2150E333-8FDC-42A3-9474-1A3956D46DE8}") = "src", "src", "{E8AEA97B-0C2E-437A-8811-A26F398BA5B6}"
EndProject
Project("{FAE04EC0-301F-11D3-BF4B-00C04F79EFBC}") = "BladeFanCurve", "src\BladeFanCurve\BladeFanCurve.csproj", "{2D35E1B4-BDDB-41C4-833F-5566E6D27CE0}"
EndProject
Project("{2150E333-8FDC-42A3-9474-1A3956D46DE8}") = "tests", "tests", "{5D6D9258-06F0-44B6-9297-5AFC6E8D0725}"
EndProject
Project("{FAE04EC0-301F-11D3-BF4B-00C04F79EFBC}") = "ProtocolTests", "tests\ProtocolTests\ProtocolTests.csproj", "{90E10C2F-30DD-4AAD-A48E-24FCB63D0F3C}"
EndProject
Global
	GlobalSection(SolutionConfigurationPlatforms) = preSolution
		Debug|Any CPU = Debug|Any CPU
		Release|Any CPU = Release|Any CPU
	EndGlobalSection
	GlobalSection(SolutionProperties) = preSolution
		HideSolutionNode = FALSE
	EndGlobalSection
	GlobalSection(ProjectConfigurationPlatforms) = postSolution
		{2D35E1B4-BDDB-41C4-833F-5566E6D27CE0}.Debug|Any CPU.ActiveCfg = Debug|Any CPU
		{2D35E1B4-BDDB-41C4-833F-5566E6D27CE0}.Debug|Any CPU.Build.0 = Debug|Any CPU
		{2D35E1B4-BDDB-41C4-833F-5566E6D27CE0}.Release|Any CPU.ActiveCfg = Release|Any CPU
		{2D35E1B4-BDDB-41C4-833F-5566E6D27CE0}.Release|Any CPU.Build.0 = Release|Any CPU
		{90E10C2F-30DD-4AAD-A48E-24FCB63D0F3C}.Debug|Any CPU.ActiveCfg = Debug|Any CPU
		{90E10C2F-30DD-4AAD-A48E-24FCB63D0F3C}.Debug|Any CPU.Build.0 = Debug|Any CPU
		{90E10C2F-30DD-4AAD-A48E-24FCB63D0F3C}.Release|Any CPU.ActiveCfg = Release|Any CPU
		{90E10C2F-30DD-4AAD-A48E-24FCB63D0F3C}.Release|Any CPU.Build.0 = Release|Any CPU
	EndGlobalSection
	GlobalSection(NestedProjects) = preSolution
		{2D35E1B4-BDDB-41C4-833F-5566E6D27CE0} = {E8AEA97B-0C2E-437A-8811-A26F398BA5B6}
		{90E10C2F-30DD-4AAD-A48E-24FCB63D0F3C} = {5D6D9258-06F0-44B6-9297-5AFC6E8D0725}
	EndGlobalSection
EndGlobal
